
Microsoft Visual Studio Solution File, Format Version 12.00
# Visual Studio Version 17
VisualStudioVersion = 17.7.34031.279
MinimumVisualStudioVersion = 10.0.40219.1
Project("{FAE04EC0-301F-11D3-BF4B-00C04F79EFBC}") = "SimpleGraphClient", "SimpleGraphClient.csproj", "{50493F7C-A58E-4A3F-9A8B-D623F5DD4F48}"
EndProject
Global
	GlobalSection(SolutionConfigurationPlatforms) = preSolution
		Debug|Any CPU = Debug|Any CPU
		Release|Any CPU = Release|Any CPU
	EndGlobalSection
	GlobalSection(ProjectConfigurationPlatforms) = postSolution
		{50493F7C-A58E-4A3F-9A8B-D623F5DD4F48}.Debug|Any CPU.ActiveCfg = Debug|Any CPU
		{50493F7C-A58E-4A3F-9A8B-D623F5DD4F48}.Debug|Any CPU.Build.0 = Debug|Any CPU
		{50493F7C-A58E-4A3F-9A8B-D623F5DD4F48}.Release|Any CPU.ActiveCfg = Release|Any CPU
		{50493F7C-A58E-4A3F-9A8B-D623F5DD4F48}.Release|Any CPU.Build.0 = Release|Any CPU
	EndGlobalSection
	GlobalSection(SolutionProperties) = preSolution
		HideSolutionNode = FALSE
	EndGlobalSection
	GlobalSection(ExtensibilityGlobals) = postSolution
		SolutionGuid = {38DCB915-22E1-4421-B74E-4E0568B402CF}
	EndGlobalSection
EndGlobal
